{
  "version": 1,
  "dependencies": {
    "net8.0-windows7.0": {
      "Catel.Analyzers": {
        "type": "Direct",
        "requested": "[7.0.0-alpha0322, )",
        "resolved": "7.0.0-alpha0322",
        "contentHash": "4/PrJ7+VKG3ngtntGdJcI9R5mv4Q9lC3AtO3e25i4OyKwB7t1L7qeVno/g/zO+l/brhW8kQ7O0b9ibCLMGEI2Q=="
      },
      "CatenaLogic.Analyzers": {
        "type": "Direct",
        "requested": "[1.5.0, )",
        "resolved": "1.5.0",
        "contentHash": "uBhAhVkEMMSFznzjo5ahaD+0y+4oXBZEMbQ0T/IvlehaQkLxIMAeaZS8HTL4barZVOWV63ctGhstwBDQEm5CnA=="
      },
      "IDisposableAnalyzers": {
        "type": "Direct",
        "requested": "[4.0.8, )",
        "resolved": "4.0.8",
        "contentHash": "vNi4NMG0CcJyjXxiNDcQ21FwV/whM9o9OEZKD+oP7tuxAqFEzX/x5OhC3OZJqW/w+8GOtCmJPBquYgMWgz0rfQ=="
      },
      "NUnit.Analyzers": {
        "type": "Direct",
        "requested": "[4.15.0, )",
        "resolved": "4.15.0",
        "contentHash": "WbZpZI/gmrmTcb8JnP8poJBD4V6hJs2RRIQAmNxQ763t7RktZ/d6xxuU08XAd4K6SpnF0Bm02ADqL2wZ0CNIQA=="
      },
      "SourceLink.Copy.PdbFiles": {
        "type": "Direct",
        "requested": "[2.8.3, )",
        "resolved": "2.8.3",
        "contentHash": "cxlw1QHd/J7lOtSZ45VZMOsF/YSOlwZy0fCkauo9Ib9vOv+zGzjm9q3D8qGyMII0Zz1GSmli/oxhmUNuYUpc1g=="
      },
      "WpfAnalyzers": {
        "type": "Direct",
        "requested": "[4.1.1, )",
        "resolved": "4.1.1",
        "contentHash": "4+oLAk4gB4Wqn0ozKstB6fY9BafSU6c6GEgWjgOThyzHFBVqxihkS/1OmvEaYJnhjNUA/GOcZ6m2B7Xr2EePNw=="
      },
      "Catel.Core": {
        "type": "Transitive",
        "resolved": "6.2.0",
        "contentHash": "l5jXig5jxqjLquX6lYY7J+U9eCd1pCBGH1nfmmzh93k9Njdx6QBViDAFRsyWxPIPS8vxSwE+o3TTctTnA1hu8Q==",
        "dependencies": {
          "System.Configuration.ConfigurationManager": "8.0.1"
        }
      },
      "Catel.MVVM": {
        "type": "Transitive",
        "resolved": "6.2.0",
        "contentHash": "d7XHj0s44A2lIGUnT/qTxUxGjNl1gnav106JYuoujNbctwoTqttpOuagSc+eXTQSaSBApFzxnalHwl3ef3OZVg==",
        "dependencies": {
          "Catel.Core": "6.2.0",
          "Microsoft.Xaml.Behaviors.Wpf": "1.1.135"
        }
      },
      "Fody": {
        "type": "Transitive",
        "resolved": "6.9.3",
        "contentHash": "1CUGgFdyECDKgi5HaUBhdv6k+VG9Iy4OCforGfHyar3xQXAJypZkzymgKtWj/4SPd6nSG0Qi7NH71qHrDSZLaA=="
      },
      "Microsoft.Xaml.Behaviors.Wpf": {
        "type": "Transitive",
        "resolved": "1.1.135",
        "contentHash": "r8qBEXmQfORso2+MVHnt8PSH4761zJ0SIxgQTSEDVLU97EN2FZdG6/ZCYUPhQy+OrPKgnpYBCAs3PS6Bs7wRsg=="
      },
      "System.Configuration.ConfigurationManager": {
        "type": "Transitive",
        "resolved": "8.0.1",
        "contentHash": "gPYFPDyohW2gXNhdQRSjtmeS6FymL2crg4Sral1wtvEJ7DUqFCDWDVbbLobASbzxfic8U1hQEdC7hmg9LHncMw==",
        "dependencies": {
          "System.Diagnostics.EventLog": "8.0.1",
          "System.Security.Cryptography.ProtectedData": "8.0.0"
        }
      },
      "System.Diagnostics.EventLog": {
        "type": "Transitive",
        "resolved": "8.0.1",
        "contentHash": "n1ZP7NM2Gkn/MgD8+eOT5MulMj6wfeQMNS2Pizvq5GHCZfjlFMXV2irQlQmJhwA2VABC57M0auudO89Iu2uRLg=="
      },
      "System.Security.Cryptography.ProtectedData": {
        "type": "Transitive",
        "resolved": "8.0.0",
        "contentHash": "+TUFINV2q2ifyXauQXRwy4CiBhqvDEDZeVJU7qfxya4aRYOKzVBpN+4acx25VcPB9ywUN6C0n8drWl110PhZEg=="
      },
      "Catel.Fody": {
        "type": "Project",
        "dependencies": {
          "Fody": "[6.9.3, )"
        }
      },
      "Catel.Fody.TestExternalTypesAssembly": {
        "type": "Project",
        "dependencies": {
          "Catel.MVVM": "[6.2.0, )"
        }
      }
    }
  }
}