
Microsoft Visual Studio Solution File, Format Version 12.00
# Visual Studio 2013
VisualStudioVersion = 12.0.21005.1
MinimumVisualStudioVersion = 10.0.40219.1
Project("{FAE04EC0-301F-11D3-BF4B-00C04F79EFBC}") = "Catel.Fody", "Catel.Fody\Catel.Fody.csproj", "{D9600EEB-B52A-4861-AFA4-2A3E38A06196}"
EndProject
Project("{2150E333-8FDC-42A3-9474-1A3956D46DE8}") = "doc", "doc", "{3FAFC63C-ABA6-4EA6-82B1-C0D71CA36BA4}"
	ProjectSection(SolutionItems) = preProject
		..\doc\history.txt = ..\doc\history.txt
		..\doc\readme.txt = ..\doc\readme.txt
	EndProjectSection
EndProject
Project("{2150E333-8FDC-42A3-9474-1A3956D46DE8}") = "src", "src", "{30F5D8D6-8019-4EBB-9641-276027A815D7}"
EndProject
Project("{2150E333-8FDC-42A3-9474-1A3956D46DE8}") = "lib", "lib", "{E30047EC-403E-428A-B232-13D1F47D6A94}"
	ProjectSection(SolutionItems) = preProject
		..\lib\readme.txt = ..\lib\readme.txt
	EndProjectSection
EndProject
Project("{2150E333-8FDC-42A3-9474-1A3956D46DE8}") = "tools", "tools", "{5A3BCC29-8F38-4CCA-9B57-A06F5FD429CD}"
EndProject
Project("{2150E333-8FDC-42A3-9474-1A3956D46DE8}") = "misc", "misc", "{05FFA8A6-88F3-48B7-AF0B-29C2A40CC716}"
	ProjectSection(SolutionItems) = preProject
		Catel.Fody.sln.DotSettings = Catel.Fody.sln.DotSettings
		Catel.Fody.vsmdi = Catel.Fody.vsmdi
		Local.testsettings = Local.testsettings
		TraceAndTestImpact.testsettings = TraceAndTestImpact.testsettings
	EndProjectSection
EndProject
Project("{2150E333-8FDC-42A3-9474-1A3956D46DE8}") = "pepita", "pepita", "{9294714F-D178-428C-9D48-EF1133D3C244}"
	ProjectSection(SolutionItems) = preProject
		..\tools\pepita\PepitaGet.dll = ..\tools\pepita\PepitaGet.dll
		..\tools\pepita\PepitaPackage.dll = ..\tools\pepita\PepitaPackage.dll
	EndProjectSection
EndProject
Project("{FAE04EC0-301F-11D3-BF4B-00C04F79EFBC}") = "Catel.Fody.TestAssembly", "Catel.Fody.TestAssembly\Catel.Fody.TestAssembly.csproj", "{76E6F225-0720-40F4-876D-F18FD426E10C}"
EndProject
Project("{2150E333-8FDC-42A3-9474-1A3956D46DE8}") = "Test", "Test", "{77E19AE6-B67C-421E-A49A-E61ED7CCC98D}"
EndProject
Project("{FAE04EC0-301F-11D3-BF4B-00C04F79EFBC}") = "Catel.Fody.Test", "Catel.Fody.Test\Catel.Fody.Test.csproj", "{2CB08E71-BE32-4DA1-A312-458CB50B8622}"
EndProject
Project("{2150E333-8FDC-42A3-9474-1A3956D46DE8}") = "AttributesAssembly", "AttributesAssembly", "{A5694D95-F959-4A8F-9A1C-E4EDD733245E}"
EndProject
Project("{FAE04EC0-301F-11D3-BF4B-00C04F79EFBC}") = "Catel.Fody.Attributes.NET40", "Catel.Fody.Attributes\Catel.Fody.Attributes.NET40\Catel.Fody.Attributes.NET40.csproj", "{31C6E889-2D4C-4A9B-9E94-C3D6B3585049}"
EndProject
Project("{FAE04EC0-301F-11D3-BF4B-00C04F79EFBC}") = "Catel.Fody.Attributes.NET45", "Catel.Fody.Attributes\Catel.Fody.Attributes.NET45\Catel.Fody.Attributes.NET45.csproj", "{082DA9F6-8721-4382-9C9B-BE05FDDFB398}"
EndProject
Project("{FAE04EC0-301F-11D3-BF4B-00C04F79EFBC}") = "Catel.Fody.Attributes.SL5", "Catel.Fody.Attributes\Catel.Fody.Attributes.SL5\Catel.Fody.Attributes.SL5.csproj", "{7F028587-5E51-4D8A-9DF5-539B0C3A0D9C}"
EndProject
Project("{FAE04EC0-301F-11D3-BF4B-00C04F79EFBC}") = "Catel.Fody.Attributes.WP80", "Catel.Fody.Attributes\Catel.Fody.Attributes.WP80\Catel.Fody.Attributes.WP80.csproj", "{EDC11FF0-3B30-4A74-A761-263E06355028}"
EndProject
Project("{FAE04EC0-301F-11D3-BF4B-00C04F79EFBC}") = "Catel.Fody.Attributes.WIN80", "Catel.Fody.Attributes\Catel.Fody.Attributes.WIN80\Catel.Fody.Attributes.WIN80.csproj", "{B221D240-0E10-43D2-A700-E300B4527791}"
EndProject
Project("{FAE04EC0-301F-11D3-BF4B-00C04F79EFBC}") = "Catel.Fody.Attributes.WIN81", "Catel.Fody.Attributes\Catel.Fody.Attributes.WIN81\Catel.Fody.Attributes.WIN81.csproj", "{34D138BB-83DC-4B5B-90E8-741856ABC95C}"
EndProject
Project("{FAE04EC0-301F-11D3-BF4B-00C04F79EFBC}") = "Catel.Fody.TestExternalTypesAssembly", "Catel.Fody.TestExternalTypesAssembly\Catel.Fody.TestExternalTypesAssembly.csproj", "{B9B894EE-7946-4020-B254-3625993AE0D0}"
EndProject
Global
	GlobalSection(SolutionConfigurationPlatforms) = preSolution
		Debug|Any CPU = Debug|Any CPU
		Release|Any CPU = Release|Any CPU
	EndGlobalSection
	GlobalSection(ProjectConfigurationPlatforms) = postSolution
		{D9600EEB-B52A-4861-AFA4-2A3E38A06196}.Debug|Any CPU.ActiveCfg = Debug|Any CPU
		{D9600EEB-B52A-4861-AFA4-2A3E38A06196}.Debug|Any CPU.Build.0 = Debug|Any CPU
		{D9600EEB-B52A-4861-AFA4-2A3E38A06196}.Release|Any CPU.ActiveCfg = Release|Any CPU
		{D9600EEB-B52A-4861-AFA4-2A3E38A06196}.Release|Any CPU.Build.0 = Release|Any CPU
		{76E6F225-0720-40F4-876D-F18FD426E10C}.Debug|Any CPU.ActiveCfg = Debug|Any CPU
		{76E6F225-0720-40F4-876D-F18FD426E10C}.Debug|Any CPU.Build.0 = Debug|Any CPU
		{76E6F225-0720-40F4-876D-F18FD426E10C}.Release|Any CPU.ActiveCfg = Release|Any CPU
		{76E6F225-0720-40F4-876D-F18FD426E10C}.Release|Any CPU.Build.0 = Release|Any CPU
		{2CB08E71-BE32-4DA1-A312-458CB50B8622}.Debug|Any CPU.ActiveCfg = Debug|Any CPU
		{2CB08E71-BE32-4DA1-A312-458CB50B8622}.Debug|Any CPU.Build.0 = Debug|Any CPU
		{2CB08E71-BE32-4DA1-A312-458CB50B8622}.Release|Any CPU.ActiveCfg = Release|Any CPU
		{2CB08E71-BE32-4DA1-A312-458CB50B8622}.Release|Any CPU.Build.0 = Release|Any CPU
		{31C6E889-2D4C-4A9B-9E94-C3D6B3585049}.Debug|Any CPU.ActiveCfg = Debug|Any CPU
		{31C6E889-2D4C-4A9B-9E94-C3D6B3585049}.Debug|Any CPU.Build.0 = Debug|Any CPU
		{31C6E889-2D4C-4A9B-9E94-C3D6B3585049}.Release|Any CPU.ActiveCfg = Release|Any CPU
		{31C6E889-2D4C-4A9B-9E94-C3D6B3585049}.Release|Any CPU.Build.0 = Release|Any CPU
		{082DA9F6-8721-4382-9C9B-BE05FDDFB398}.Debug|Any CPU.ActiveCfg = Debug|Any CPU
		{082DA9F6-8721-4382-9C9B-BE05FDDFB398}.Debug|Any CPU.Build.0 = Debug|Any CPU
		{082DA9F6-8721-4382-9C9B-BE05FDDFB398}.Release|Any CPU.ActiveCfg = Release|Any CPU
		{082DA9F6-8721-4382-9C9B-BE05FDDFB398}.Release|Any CPU.Build.0 = Release|Any CPU
		{7F028587-5E51-4D8A-9DF5-539B0C3A0D9C}.Debug|Any CPU.ActiveCfg = Debug|Any CPU
		{7F028587-5E51-4D8A-9DF5-539B0C3A0D9C}.Debug|Any CPU.Build.0 = Debug|Any CPU
		{7F028587-5E51-4D8A-9DF5-539B0C3A0D9C}.Release|Any CPU.ActiveCfg = Release|Any CPU
		{7F028587-5E51-4D8A-9DF5-539B0C3A0D9C}.Release|Any CPU.Build.0 = Release|Any CPU
		{EDC11FF0-3B30-4A74-A761-263E06355028}.Debug|Any CPU.ActiveCfg = Debug|Any CPU
		{EDC11FF0-3B30-4A74-A761-263E06355028}.Debug|Any CPU.Build.0 = Debug|Any CPU
		{EDC11FF0-3B30-4A74-A761-263E06355028}.Release|Any CPU.ActiveCfg = Release|Any CPU
		{EDC11FF0-3B30-4A74-A761-263E06355028}.Release|Any CPU.Build.0 = Release|Any CPU
		{B221D240-0E10-43D2-A700-E300B4527791}.Debug|Any CPU.ActiveCfg = Debug|Any CPU
		{B221D240-0E10-43D2-A700-E300B4527791}.Debug|Any CPU.Build.0 = Debug|Any CPU
		{B221D240-0E10-43D2-A700-E300B4527791}.Release|Any CPU.ActiveCfg = Release|Any CPU
		{B221D240-0E10-43D2-A700-E300B4527791}.Release|Any CPU.Build.0 = Release|Any CPU
		{34D138BB-83DC-4B5B-90E8-741856ABC95C}.Debug|Any CPU.ActiveCfg = Debug|Any CPU
		{34D138BB-83DC-4B5B-90E8-741856ABC95C}.Debug|Any CPU.Build.0 = Debug|Any CPU
		{34D138BB-83DC-4B5B-90E8-741856ABC95C}.Release|Any CPU.ActiveCfg = Release|Any CPU
		{34D138BB-83DC-4B5B-90E8-741856ABC95C}.Release|Any CPU.Build.0 = Release|Any CPU
		{B9B894EE-7946-4020-B254-3625993AE0D0}.Debug|Any CPU.ActiveCfg = Debug|Any CPU
		{B9B894EE-7946-4020-B254-3625993AE0D0}.Debug|Any CPU.Build.0 = Debug|Any CPU
		{B9B894EE-7946-4020-B254-3625993AE0D0}.Release|Any CPU.ActiveCfg = Release|Any CPU
		{B9B894EE-7946-4020-B254-3625993AE0D0}.Release|Any CPU.Build.0 = Release|Any CPU
	EndGlobalSection
	GlobalSection(SolutionProperties) = preSolution
		HideSolutionNode = FALSE
	EndGlobalSection
	GlobalSection(NestedProjects) = preSolution
		{D9600EEB-B52A-4861-AFA4-2A3E38A06196} = {30F5D8D6-8019-4EBB-9641-276027A815D7}
		{77E19AE6-B67C-421E-A49A-E61ED7CCC98D} = {30F5D8D6-8019-4EBB-9641-276027A815D7}
		{A5694D95-F959-4A8F-9A1C-E4EDD733245E} = {30F5D8D6-8019-4EBB-9641-276027A815D7}
		{9294714F-D178-428C-9D48-EF1133D3C244} = {5A3BCC29-8F38-4CCA-9B57-A06F5FD429CD}
		{76E6F225-0720-40F4-876D-F18FD426E10C} = {77E19AE6-B67C-421E-A49A-E61ED7CCC98D}
		{2CB08E71-BE32-4DA1-A312-458CB50B8622} = {77E19AE6-B67C-421E-A49A-E61ED7CCC98D}
		{B9B894EE-7946-4020-B254-3625993AE0D0} = {77E19AE6-B67C-421E-A49A-E61ED7CCC98D}
		{31C6E889-2D4C-4A9B-9E94-C3D6B3585049} = {A5694D95-F959-4A8F-9A1C-E4EDD733245E}
		{082DA9F6-8721-4382-9C9B-BE05FDDFB398} = {A5694D95-F959-4A8F-9A1C-E4EDD733245E}
		{7F028587-5E51-4D8A-9DF5-539B0C3A0D9C} = {A5694D95-F959-4A8F-9A1C-E4EDD733245E}
		{EDC11FF0-3B30-4A74-A761-263E06355028} = {A5694D95-F959-4A8F-9A1C-E4EDD733245E}
		{B221D240-0E10-43D2-A700-E300B4527791} = {A5694D95-F959-4A8F-9A1C-E4EDD733245E}
		{34D138BB-83DC-4B5B-90E8-741856ABC95C} = {A5694D95-F959-4A8F-9A1C-E4EDD733245E}
	EndGlobalSection
EndGlobal
