
Microsoft Visual Studio Solution File, Format Version 12.00
# Visual Studio 14
VisualStudioVersion = 14.0.25420.1
MinimumVisualStudioVersion = 10.0.40219.1
Project("{FAE04EC0-301F-11D3-BF4B-00C04F79EFBC}") = "Catel.Fody", "Catel.Fody\Catel.Fody.csproj", "{D9600EEB-B52A-4861-AFA4-2A3E38A06196}"
EndProject
Project("{2150E333-8FDC-42A3-9474-1A3956D46DE8}") = "src", "src", "{30F5D8D6-8019-4EBB-9641-276027A815D7}"
EndProject
Project("{2150E333-8FDC-42A3-9474-1A3956D46DE8}") = "misc", "misc", "{05FFA8A6-88F3-48B7-AF0B-29C2A40CC716}"
	ProjectSection(SolutionItems) = preProject
		Catel.Fody.sln.DotSettings = Catel.Fody.sln.DotSettings
		Catel.Fody.vsmdi = Catel.Fody.vsmdi
		Local.testsettings = Local.testsettings
		TraceAndTestImpact.testsettings = TraceAndTestImpact.testsettings
	EndProjectSection
EndProject
Project("{FAE04EC0-301F-11D3-BF4B-00C04F79EFBC}") = "Catel.Fody.TestAssembly", "Catel.Fody.TestAssembly\Catel.Fody.TestAssembly.csproj", "{76E6F225-0720-40F4-876D-F18FD426E10C}"
EndProject
Project("{2150E333-8FDC-42A3-9474-1A3956D46DE8}") = "Tests", "Tests", "{77E19AE6-B67C-421E-A49A-E61ED7CCC98D}"
EndProject
Project("{FAE04EC0-301F-11D3-BF4B-00C04F79EFBC}") = "Catel.Fody.Tests", "Catel.Fody.Tests\Catel.Fody.Tests.csproj", "{2CB08E71-BE32-4DA1-A312-458CB50B8622}"
EndProject
Project("{2150E333-8FDC-42A3-9474-1A3956D46DE8}") = "AttributesAssembly", "AttributesAssembly", "{A5694D95-F959-4A8F-9A1C-E4EDD733245E}"
EndProject
Project("{FAE04EC0-301F-11D3-BF4B-00C04F79EFBC}") = "Catel.Fody.TestExternalTypesAssembly", "Catel.Fody.TestExternalTypesAssembly\Catel.Fody.TestExternalTypesAssembly.csproj", "{B9B894EE-7946-4020-B254-3625993AE0D0}"
EndProject
Project("{FAE04EC0-301F-11D3-BF4B-00C04F79EFBC}") = "Catel.Fody.Attributes", "Catel.Fody.Attributes\Catel.Fody.Attributes.csproj", "{5E735B00-1EDF-4ACD-A777-91BABA85B2C5}"
EndProject
Global
	GlobalSection(SolutionConfigurationPlatforms) = preSolution
		Debug|Any CPU = Debug|Any CPU
		Release|Any CPU = Release|Any CPU
	EndGlobalSection
	GlobalSection(ProjectConfigurationPlatforms) = postSolution
		{D9600EEB-B52A-4861-AFA4-2A3E38A06196}.Debug|Any CPU.ActiveCfg = Debug|Any CPU
		{D9600EEB-B52A-4861-AFA4-2A3E38A06196}.Debug|Any CPU.Build.0 = Debug|Any CPU
		{D9600EEB-B52A-4861-AFA4-2A3E38A06196}.Release|Any CPU.ActiveCfg = Release|Any CPU
		{D9600EEB-B52A-4861-AFA4-2A3E38A06196}.Release|Any CPU.Build.0 = Release|Any CPU
		{76E6F225-0720-40F4-876D-F18FD426E10C}.Debug|Any CPU.ActiveCfg = Debug|Any CPU
		{76E6F225-0720-40F4-876D-F18FD426E10C}.Debug|Any CPU.Build.0 = Debug|Any CPU
		{76E6F225-0720-40F4-876D-F18FD426E10C}.Release|Any CPU.ActiveCfg = Release|Any CPU
		{76E6F225-0720-40F4-876D-F18FD426E10C}.Release|Any CPU.Build.0 = Release|Any CPU
		{2CB08E71-BE32-4DA1-A312-458CB50B8622}.Debug|Any CPU.ActiveCfg = Debug|Any CPU
		{2CB08E71-BE32-4DA1-A312-458CB50B8622}.Debug|Any CPU.Build.0 = Debug|Any CPU
		{2CB08E71-BE32-4DA1-A312-458CB50B8622}.Release|Any CPU.ActiveCfg = Release|Any CPU
		{2CB08E71-BE32-4DA1-A312-458CB50B8622}.Release|Any CPU.Build.0 = Release|Any CPU
		{B9B894EE-7946-4020-B254-3625993AE0D0}.Debug|Any CPU.ActiveCfg = Debug|Any CPU
		{B9B894EE-7946-4020-B254-3625993AE0D0}.Debug|Any CPU.Build.0 = Debug|Any CPU
		{B9B894EE-7946-4020-B254-3625993AE0D0}.Release|Any CPU.ActiveCfg = Release|Any CPU
		{B9B894EE-7946-4020-B254-3625993AE0D0}.Release|Any CPU.Build.0 = Release|Any CPU
		{5E735B00-1EDF-4ACD-A777-91BABA85B2C5}.Debug|Any CPU.ActiveCfg = Debug|Any CPU
		{5E735B00-1EDF-4ACD-A777-91BABA85B2C5}.Debug|Any CPU.Build.0 = Debug|Any CPU
		{5E735B00-1EDF-4ACD-A777-91BABA85B2C5}.Release|Any CPU.ActiveCfg = Release|Any CPU
		{5E735B00-1EDF-4ACD-A777-91BABA85B2C5}.Release|Any CPU.Build.0 = Release|Any CPU
	EndGlobalSection
	GlobalSection(SolutionProperties) = preSolution
		HideSolutionNode = FALSE
	EndGlobalSection
	GlobalSection(NestedProjects) = preSolution
		{D9600EEB-B52A-4861-AFA4-2A3E38A06196} = {30F5D8D6-8019-4EBB-9641-276027A815D7}
		{76E6F225-0720-40F4-876D-F18FD426E10C} = {77E19AE6-B67C-421E-A49A-E61ED7CCC98D}
		{77E19AE6-B67C-421E-A49A-E61ED7CCC98D} = {30F5D8D6-8019-4EBB-9641-276027A815D7}
		{2CB08E71-BE32-4DA1-A312-458CB50B8622} = {77E19AE6-B67C-421E-A49A-E61ED7CCC98D}
		{A5694D95-F959-4A8F-9A1C-E4EDD733245E} = {30F5D8D6-8019-4EBB-9641-276027A815D7}
		{B9B894EE-7946-4020-B254-3625993AE0D0} = {77E19AE6-B67C-421E-A49A-E61ED7CCC98D}
		{5E735B00-1EDF-4ACD-A777-91BABA85B2C5} = {A5694D95-F959-4A8F-9A1C-E4EDD733245E}
	EndGlobalSection
EndGlobal
