
Microsoft Visual Studio Solution File, Format Version 12.00
# Visual Studio Version 17
VisualStudioVersion = 17.5.33209.295
MinimumVisualStudioVersion = 10.0.40219.1
Project("{9A19103F-16F7-4668-BE54-9A1E7A4F7556}") = "Catel.Fody", "Catel.Fody\Catel.Fody.csproj", "{0B8FEB0F-84FE-425D-BF0D-D00D52BA6BA5}"
EndProject
Project("{2150E333-8FDC-42A3-9474-1A3956D46DE8}") = "src", "src", "{30F5D8D6-8019-4EBB-9641-276027A815D7}"
EndProject
Project("{2150E333-8FDC-42A3-9474-1A3956D46DE8}") = "misc", "misc", "{05FFA8A6-88F3-48B7-AF0B-29C2A40CC716}"
	ProjectSection(SolutionItems) = preProject
		Catel.Fody.sln.DotSettings = Catel.Fody.sln.DotSettings
		Catel.Fody.vsmdi = Catel.Fody.vsmdi
		Directory.build.project.props = Directory.build.project.props
		Directory.build.props = Directory.build.props
		Directory.build.shared.explicit.props = Directory.build.shared.explicit.props
		Directory.build.shared.implicit.props = Directory.build.shared.implicit.props
		Directory.build.targets = Directory.build.targets
		Local.testsettings = Local.testsettings
		MethodTimeLogger.cs = MethodTimeLogger.cs
		SolutionAssemblyInfo.cs = SolutionAssemblyInfo.cs
		TraceAndTestImpact.testsettings = TraceAndTestImpact.testsettings
	EndProjectSection
EndProject
Project("{2150E333-8FDC-42A3-9474-1A3956D46DE8}") = "Tests", "Tests", "{77E19AE6-B67C-421E-A49A-E61ED7CCC98D}"
EndProject
Project("{2150E333-8FDC-42A3-9474-1A3956D46DE8}") = "AttributesAssembly", "AttributesAssembly", "{A5694D95-F959-4A8F-9A1C-E4EDD733245E}"
EndProject
Project("{9A19103F-16F7-4668-BE54-9A1E7A4F7556}") = "Catel.Fody.Attributes", "Catel.Fody.Attributes\Catel.Fody.Attributes.csproj", "{59D96401-C486-4916-86CC-56C2538E953E}"
EndProject
Project("{9A19103F-16F7-4668-BE54-9A1E7A4F7556}") = "Catel.Fody.Tests.Catel5", "Catel.Fody.Tests.Catel5\Catel.Fody.Tests.Catel5.csproj", "{6B213F39-F6DD-423A-A95B-2291D43067B3}"
EndProject
Project("{9A19103F-16F7-4668-BE54-9A1E7A4F7556}") = "Catel.Fody.Tests.Catel6", "Catel.Fody.Tests.Catel6\Catel.Fody.Tests.Catel6.csproj", "{D843FAFA-49AC-4E3E-958A-C07D19CB0BF2}"
EndProject
Project("{2150E333-8FDC-42A3-9474-1A3956D46DE8}") = "Catel5", "Catel5", "{945DAB30-25E0-4A99-834A-AA32D81E6FCE}"
EndProject
Project("{2150E333-8FDC-42A3-9474-1A3956D46DE8}") = "Catel6", "Catel6", "{CCF3EB63-3689-4699-BF21-04C28B53DF62}"
EndProject
Project("{9A19103F-16F7-4668-BE54-9A1E7A4F7556}") = "Catel.Fody.TestExternalTypesAssembly.Catel5", "Catel.Fody.TestExternalTypesAssembly.Catel5\Catel.Fody.TestExternalTypesAssembly.Catel5.csproj", "{2AD08FD9-2570-4AE4-AE64-0D0DC2D97C01}"
EndProject
Project("{9A19103F-16F7-4668-BE54-9A1E7A4F7556}") = "Catel.Fody.TestAssembly.Catel5", "Catel.Fody.TestAssembly.Catel5\Catel.Fody.TestAssembly.Catel5.csproj", "{C17937EF-234C-4C73-9EDD-1698591E17E1}"
EndProject
Project("{9A19103F-16F7-4668-BE54-9A1E7A4F7556}") = "Catel.Fody.TestExternalTypesAssembly.Catel6", "Catel.Fody.TestExternalTypesAssembly.Catel6\Catel.Fody.TestExternalTypesAssembly.Catel6.csproj", "{2046F93A-E20A-4CC9-8721-00EC27C01915}"
EndProject
Project("{9A19103F-16F7-4668-BE54-9A1E7A4F7556}") = "Catel.Fody.TestAssembly.Catel6", "Catel.Fody.TestAssembly.Catel6\Catel.Fody.TestAssembly.Catel6.csproj", "{ADBE4D28-6090-44D9-AEBC-62E404FDFE56}"
EndProject
Project("{9A19103F-16F7-4668-BE54-9A1E7A4F7556}") = "Catel.Fody.TestAssembly.NetStandard.Catel5", "Catel.Fody.TestAssembly.NetStandard.Catel5\Catel.Fody.TestAssembly.NetStandard.Catel5.csproj", "{BEA9E01A-9C36-43A6-BB89-ED85A191ADD0}"
EndProject
Project("{2150E333-8FDC-42A3-9474-1A3956D46DE8}") = "Catel7", "Catel7", "{02EA681E-C7D8-13C7-8484-4AC65E1B71E8}"
EndProject
Project("{FAE04EC0-301F-11D3-BF4B-00C04F79EFBC}") = "Catel.Fody.TestAssembly.Catel7", "Catel.Fody.TestAssembly.Catel7\Catel.Fody.TestAssembly.Catel7.csproj", "{38171B02-18D2-F4CA-B057-7BA7CAAFF25E}"
EndProject
Project("{FAE04EC0-301F-11D3-BF4B-00C04F79EFBC}") = "Catel.Fody.TestExternalTypesAssembly.Catel7", "Catel.Fody.TestExternalTypesAssembly.Catel7\Catel.Fody.TestExternalTypesAssembly.Catel7.csproj", "{9ABB7AD8-BDEB-2916-9139-504E8A3BFAD5}"
EndProject
Project("{FAE04EC0-301F-11D3-BF4B-00C04F79EFBC}") = "Catel.Fody.Tests.Catel7", "Catel.Fody.Tests.Catel7\Catel.Fody.Tests.Catel7.csproj", "{0BE50798-9DD5-9781-C02A-A6229A719812}"
EndProject
Global
	GlobalSection(SolutionConfigurationPlatforms) = preSolution
		Debug|Any CPU = Debug|Any CPU
		Release|Any CPU = Release|Any CPU
		Test|Any CPU = Test|Any CPU
	EndGlobalSection
	GlobalSection(ProjectConfigurationPlatforms) = postSolution
		{0B8FEB0F-84FE-425D-BF0D-D00D52BA6BA5}.Debug|Any CPU.ActiveCfg = Debug|Any CPU
		{0B8FEB0F-84FE-425D-BF0D-D00D52BA6BA5}.Debug|Any CPU.Build.0 = Debug|Any CPU
		{0B8FEB0F-84FE-425D-BF0D-D00D52BA6BA5}.Release|Any CPU.ActiveCfg = Release|Any CPU
		{0B8FEB0F-84FE-425D-BF0D-D00D52BA6BA5}.Release|Any CPU.Build.0 = Release|Any CPU
		{0B8FEB0F-84FE-425D-BF0D-D00D52BA6BA5}.Test|Any CPU.ActiveCfg = Test|Any CPU
		{0B8FEB0F-84FE-425D-BF0D-D00D52BA6BA5}.Test|Any CPU.Build.0 = Test|Any CPU
		{59D96401-C486-4916-86CC-56C2538E953E}.Debug|Any CPU.ActiveCfg = Debug|Any CPU
		{59D96401-C486-4916-86CC-56C2538E953E}.Debug|Any CPU.Build.0 = Debug|Any CPU
		{59D96401-C486-4916-86CC-56C2538E953E}.Release|Any CPU.ActiveCfg = Release|Any CPU
		{59D96401-C486-4916-86CC-56C2538E953E}.Release|Any CPU.Build.0 = Release|Any CPU
		{59D96401-C486-4916-86CC-56C2538E953E}.Test|Any CPU.ActiveCfg = Test|Any CPU
		{59D96401-C486-4916-86CC-56C2538E953E}.Test|Any CPU.Build.0 = Test|Any CPU
		{6B213F39-F6DD-423A-A95B-2291D43067B3}.Debug|Any CPU.ActiveCfg = Debug|Any CPU
		{6B213F39-F6DD-423A-A95B-2291D43067B3}.Debug|Any CPU.Build.0 = Debug|Any CPU
		{6B213F39-F6DD-423A-A95B-2291D43067B3}.Release|Any CPU.ActiveCfg = Release|Any CPU
		{6B213F39-F6DD-423A-A95B-2291D43067B3}.Release|Any CPU.Build.0 = Release|Any CPU
		{6B213F39-F6DD-423A-A95B-2291D43067B3}.Test|Any CPU.ActiveCfg = Release|Any CPU
		{6B213F39-F6DD-423A-A95B-2291D43067B3}.Test|Any CPU.Build.0 = Release|Any CPU
		{D843FAFA-49AC-4E3E-958A-C07D19CB0BF2}.Debug|Any CPU.ActiveCfg = Debug|Any CPU
		{D843FAFA-49AC-4E3E-958A-C07D19CB0BF2}.Debug|Any CPU.Build.0 = Debug|Any CPU
		{D843FAFA-49AC-4E3E-958A-C07D19CB0BF2}.Release|Any CPU.ActiveCfg = Release|Any CPU
		{D843FAFA-49AC-4E3E-958A-C07D19CB0BF2}.Release|Any CPU.Build.0 = Release|Any CPU
		{D843FAFA-49AC-4E3E-958A-C07D19CB0BF2}.Test|Any CPU.ActiveCfg = Release|Any CPU
		{D843FAFA-49AC-4E3E-958A-C07D19CB0BF2}.Test|Any CPU.Build.0 = Release|Any CPU
		{2AD08FD9-2570-4AE4-AE64-0D0DC2D97C01}.Debug|Any CPU.ActiveCfg = Debug|Any CPU
		{2AD08FD9-2570-4AE4-AE64-0D0DC2D97C01}.Debug|Any CPU.Build.0 = Debug|Any CPU
		{2AD08FD9-2570-4AE4-AE64-0D0DC2D97C01}.Release|Any CPU.ActiveCfg = Release|Any CPU
		{2AD08FD9-2570-4AE4-AE64-0D0DC2D97C01}.Release|Any CPU.Build.0 = Release|Any CPU
		{2AD08FD9-2570-4AE4-AE64-0D0DC2D97C01}.Test|Any CPU.ActiveCfg = Release|Any CPU
		{2AD08FD9-2570-4AE4-AE64-0D0DC2D97C01}.Test|Any CPU.Build.0 = Release|Any CPU
		{C17937EF-234C-4C73-9EDD-1698591E17E1}.Debug|Any CPU.ActiveCfg = Debug|Any CPU
		{C17937EF-234C-4C73-9EDD-1698591E17E1}.Debug|Any CPU.Build.0 = Debug|Any CPU
		{C17937EF-234C-4C73-9EDD-1698591E17E1}.Release|Any CPU.ActiveCfg = Release|Any CPU
		{C17937EF-234C-4C73-9EDD-1698591E17E1}.Release|Any CPU.Build.0 = Release|Any CPU
		{C17937EF-234C-4C73-9EDD-1698591E17E1}.Test|Any CPU.ActiveCfg = Release|Any CPU
		{C17937EF-234C-4C73-9EDD-1698591E17E1}.Test|Any CPU.Build.0 = Release|Any CPU
		{2046F93A-E20A-4CC9-8721-00EC27C01915}.Debug|Any CPU.ActiveCfg = Debug|Any CPU
		{2046F93A-E20A-4CC9-8721-00EC27C01915}.Debug|Any CPU.Build.0 = Debug|Any CPU
		{2046F93A-E20A-4CC9-8721-00EC27C01915}.Release|Any CPU.ActiveCfg = Release|Any CPU
		{2046F93A-E20A-4CC9-8721-00EC27C01915}.Release|Any CPU.Build.0 = Release|Any CPU
		{2046F93A-E20A-4CC9-8721-00EC27C01915}.Test|Any CPU.ActiveCfg = Release|Any CPU
		{2046F93A-E20A-4CC9-8721-00EC27C01915}.Test|Any CPU.Build.0 = Release|Any CPU
		{ADBE4D28-6090-44D9-AEBC-62E404FDFE56}.Debug|Any CPU.ActiveCfg = Debug|Any CPU
		{ADBE4D28-6090-44D9-AEBC-62E404FDFE56}.Debug|Any CPU.Build.0 = Debug|Any CPU
		{ADBE4D28-6090-44D9-AEBC-62E404FDFE56}.Release|Any CPU.ActiveCfg = Release|Any CPU
		{ADBE4D28-6090-44D9-AEBC-62E404FDFE56}.Release|Any CPU.Build.0 = Release|Any CPU
		{ADBE4D28-6090-44D9-AEBC-62E404FDFE56}.Test|Any CPU.ActiveCfg = Release|Any CPU
		{ADBE4D28-6090-44D9-AEBC-62E404FDFE56}.Test|Any CPU.Build.0 = Release|Any CPU
		{BEA9E01A-9C36-43A6-BB89-ED85A191ADD0}.Debug|Any CPU.ActiveCfg = Debug|Any CPU
		{BEA9E01A-9C36-43A6-BB89-ED85A191ADD0}.Debug|Any CPU.Build.0 = Debug|Any CPU
		{BEA9E01A-9C36-43A6-BB89-ED85A191ADD0}.Release|Any CPU.ActiveCfg = Release|Any CPU
		{BEA9E01A-9C36-43A6-BB89-ED85A191ADD0}.Release|Any CPU.Build.0 = Release|Any CPU
		{BEA9E01A-9C36-43A6-BB89-ED85A191ADD0}.Test|Any CPU.ActiveCfg = Debug|Any CPU
		{BEA9E01A-9C36-43A6-BB89-ED85A191ADD0}.Test|Any CPU.Build.0 = Debug|Any CPU
		{38171B02-18D2-F4CA-B057-7BA7CAAFF25E}.Debug|Any CPU.ActiveCfg = Debug|Any CPU
		{38171B02-18D2-F4CA-B057-7BA7CAAFF25E}.Debug|Any CPU.Build.0 = Debug|Any CPU
		{38171B02-18D2-F4CA-B057-7BA7CAAFF25E}.Release|Any CPU.ActiveCfg = Release|Any CPU
		{38171B02-18D2-F4CA-B057-7BA7CAAFF25E}.Release|Any CPU.Build.0 = Release|Any CPU
		{38171B02-18D2-F4CA-B057-7BA7CAAFF25E}.Test|Any CPU.ActiveCfg = Debug|Any CPU
		{38171B02-18D2-F4CA-B057-7BA7CAAFF25E}.Test|Any CPU.Build.0 = Debug|Any CPU
		{9ABB7AD8-BDEB-2916-9139-504E8A3BFAD5}.Debug|Any CPU.ActiveCfg = Debug|Any CPU
		{9ABB7AD8-BDEB-2916-9139-504E8A3BFAD5}.Debug|Any CPU.Build.0 = Debug|Any CPU
		{9ABB7AD8-BDEB-2916-9139-504E8A3BFAD5}.Release|Any CPU.ActiveCfg = Release|Any CPU
		{9ABB7AD8-BDEB-2916-9139-504E8A3BFAD5}.Release|Any CPU.Build.0 = Release|Any CPU
		{9ABB7AD8-BDEB-2916-9139-504E8A3BFAD5}.Test|Any CPU.ActiveCfg = Debug|Any CPU
		{9ABB7AD8-BDEB-2916-9139-504E8A3BFAD5}.Test|Any CPU.Build.0 = Debug|Any CPU
		{0BE50798-9DD5-9781-C02A-A6229A719812}.Debug|Any CPU.ActiveCfg = Debug|Any CPU
		{0BE50798-9DD5-9781-C02A-A6229A719812}.Debug|Any CPU.Build.0 = Debug|Any CPU
		{0BE50798-9DD5-9781-C02A-A6229A719812}.Release|Any CPU.ActiveCfg = Release|Any CPU
		{0BE50798-9DD5-9781-C02A-A6229A719812}.Release|Any CPU.Build.0 = Release|Any CPU
		{0BE50798-9DD5-9781-C02A-A6229A719812}.Test|Any CPU.ActiveCfg = Debug|Any CPU
		{0BE50798-9DD5-9781-C02A-A6229A719812}.Test|Any CPU.Build.0 = Debug|Any CPU
	EndGlobalSection
	GlobalSection(SolutionProperties) = preSolution
		HideSolutionNode = FALSE
	EndGlobalSection
	GlobalSection(NestedProjects) = preSolution
		{0B8FEB0F-84FE-425D-BF0D-D00D52BA6BA5} = {30F5D8D6-8019-4EBB-9641-276027A815D7}
		{77E19AE6-B67C-421E-A49A-E61ED7CCC98D} = {30F5D8D6-8019-4EBB-9641-276027A815D7}
		{A5694D95-F959-4A8F-9A1C-E4EDD733245E} = {30F5D8D6-8019-4EBB-9641-276027A815D7}
		{59D96401-C486-4916-86CC-56C2538E953E} = {A5694D95-F959-4A8F-9A1C-E4EDD733245E}
		{6B213F39-F6DD-423A-A95B-2291D43067B3} = {945DAB30-25E0-4A99-834A-AA32D81E6FCE}
		{D843FAFA-49AC-4E3E-958A-C07D19CB0BF2} = {CCF3EB63-3689-4699-BF21-04C28B53DF62}
		{945DAB30-25E0-4A99-834A-AA32D81E6FCE} = {77E19AE6-B67C-421E-A49A-E61ED7CCC98D}
		{CCF3EB63-3689-4699-BF21-04C28B53DF62} = {77E19AE6-B67C-421E-A49A-E61ED7CCC98D}
		{2AD08FD9-2570-4AE4-AE64-0D0DC2D97C01} = {945DAB30-25E0-4A99-834A-AA32D81E6FCE}
		{C17937EF-234C-4C73-9EDD-1698591E17E1} = {945DAB30-25E0-4A99-834A-AA32D81E6FCE}
		{2046F93A-E20A-4CC9-8721-00EC27C01915} = {CCF3EB63-3689-4699-BF21-04C28B53DF62}
		{ADBE4D28-6090-44D9-AEBC-62E404FDFE56} = {CCF3EB63-3689-4699-BF21-04C28B53DF62}
		{BEA9E01A-9C36-43A6-BB89-ED85A191ADD0} = {945DAB30-25E0-4A99-834A-AA32D81E6FCE}
		{02EA681E-C7D8-13C7-8484-4AC65E1B71E8} = {77E19AE6-B67C-421E-A49A-E61ED7CCC98D}
		{38171B02-18D2-F4CA-B057-7BA7CAAFF25E} = {02EA681E-C7D8-13C7-8484-4AC65E1B71E8}
		{9ABB7AD8-BDEB-2916-9139-504E8A3BFAD5} = {02EA681E-C7D8-13C7-8484-4AC65E1B71E8}
		{0BE50798-9DD5-9781-C02A-A6229A719812} = {02EA681E-C7D8-13C7-8484-4AC65E1B71E8}
	EndGlobalSection
	GlobalSection(ExtensibilityGlobals) = postSolution
		SolutionGuid = {B8FBD666-DAD3-4467-90B2-A3D54DA5FE4D}
	EndGlobalSection
EndGlobal
